
Microsoft Visual Studio Solution File, Format Version 12.00
# Visual Studio 14
VisualStudioVersion = 14.0.24720.0
MinimumVisualStudioVersion = 10.0.40219.1
Project("{FAE04EC0-301F-11D3-BF4B-00C04F79EFBC}") = "EnMon Driver Manager", "EnMon Driver Manager\EnMon Driver Manager.csproj", "{8761C012-425C-4E2F-8871-FB882B50940E}"
EndProject
Project("{D954291E-2A0B-460D-934E-DC6B0785DB48}") = "SharedProject1", "SharedProject1\SharedProject1.shproj", "{206E2B9A-6C1D-4806-A936-32F9960F95A3}"
EndProject
Global
	GlobalSection(SharedMSBuildProjectFiles) = preSolution
		SharedProject1\SharedProject1.projitems*{206e2b9a-6c1d-4806-a936-32f9960f95a3}*SharedItemsImports = 13
	EndGlobalSection
	GlobalSection(SolutionConfigurationPlatforms) = preSolution
		Debug|Any CPU = Debug|Any CPU
		Release|Any CPU = Release|Any CPU
	EndGlobalSection
	GlobalSection(ProjectConfigurationPlatforms) = postSolution
		{8761C012-425C-4E2F-8871-FB882B50940E}.Debug|Any CPU.ActiveCfg = Debug|Any CPU
		{8761C012-425C-4E2F-8871-FB882B50940E}.Debug|Any CPU.Build.0 = Debug|Any CPU
		{8761C012-425C-4E2F-8871-FB882B50940E}.Release|Any CPU.ActiveCfg = Release|Any CPU
		{8761C012-425C-4E2F-8871-FB882B50940E}.Release|Any CPU.Build.0 = Release|Any CPU
	EndGlobalSection
	GlobalSection(SolutionProperties) = preSolution
		HideSolutionNode = FALSE
	EndGlobalSection
EndGlobal
